
Microsoft Visual Studio Solution File, Format Version 12.00
# Visual Studio Version 17
VisualStudioVersion = 17.6.33723.286
MinimumVisualStudioVersion = 10.0.40219.1
Project("{FAE04EC0-301F-11D3-BF4B-00C04F79EFBC}") = "Session1", "Session1.csproj", "{16B5CF8B-3269-4778-84FE-66ADE3987B4F}"
EndProject
Global
	GlobalSection(SolutionConfigurationPlatforms) = preSolution
		Debug|Any CPU = Debug|Any CPU
		Release|Any CPU = Release|Any CPU
	EndGlobalSection
	GlobalSection(ProjectConfigurationPlatforms) = postSolution
		{16B5CF8B-3269-4778-84FE-66ADE3987B4F}.Debug|Any CPU.ActiveCfg = Debug|Any CPU
		{16B5CF8B-3269-4778-84FE-66ADE3987B4F}.Debug|Any CPU.Build.0 = Debug|Any CPU
		{16B5CF8B-3269-4778-84FE-66ADE3987B4F}.Release|Any CPU.ActiveCfg = Release|Any CPU
		{16B5CF8B-3269-4778-84FE-66ADE3987B4F}.Release|Any CPU.Build.0 = Release|Any CPU
	EndGlobalSection
	GlobalSection(SolutionProperties) = preSolution
		HideSolutionNode = FALSE
	EndGlobalSection
	GlobalSection(ExtensibilityGlobals) = postSolution
		SolutionGuid = {97480199-AE80-4176-A3F7-7D8DBD0E092F}
	EndGlobalSection
EndGlobal
